
Microsoft Visual Studio Solution File, Format Version 12.00
# Visual Studio Version 17
VisualStudioVersion = 17.3.32929.385
MinimumVisualStudioVersion = 10.0.40219.1
Project("{9A19103F-16F7-4668-BE54-9A1E7A4F7556}") = "LearnWPF", "LearnWPF\LearnWPF.csproj", "{59A86414-72AA-4C26-A3BB-5DBCED087327}"
EndProject
Project("{FAE04EC0-301F-11D3-BF4B-00C04F79EFBC}") = "VisualLayoutTester", "VisualLayoutTester\VisualLayoutTester.csproj", "{58330C33-56AB-412B-965F-77414A09660C}"
EndProject
Global
	GlobalSection(SolutionConfigurationPlatforms) = preSolution
		Debug|Any CPU = Debug|Any CPU
		Release|Any CPU = Release|Any CPU
	EndGlobalSection
	GlobalSection(ProjectConfigurationPlatforms) = postSolution
		{59A86414-72AA-4C26-A3BB-5DBCED087327}.Debug|Any CPU.ActiveCfg = Debug|Any CPU
		{59A86414-72AA-4C26-A3BB-5DBCED087327}.Debug|Any CPU.Build.0 = Debug|Any CPU
		{59A86414-72AA-4C26-A3BB-5DBCED087327}.Release|Any CPU.ActiveCfg = Release|Any CPU
		{59A86414-72AA-4C26-A3BB-5DBCED087327}.Release|Any CPU.Build.0 = Release|Any CPU
		{58330C33-56AB-412B-965F-77414A09660C}.Debug|Any CPU.ActiveCfg = Debug|Any CPU
		{58330C33-56AB-412B-965F-77414A09660C}.Debug|Any CPU.Build.0 = Debug|Any CPU
		{58330C33-56AB-412B-965F-77414A09660C}.Release|Any CPU.ActiveCfg = Release|Any CPU
		{58330C33-56AB-412B-965F-77414A09660C}.Release|Any CPU.Build.0 = Release|Any CPU
	EndGlobalSection
	GlobalSection(SolutionProperties) = preSolution
		HideSolutionNode = FALSE
	EndGlobalSection
	GlobalSection(ExtensibilityGlobals) = postSolution
		SolutionGuid = {D5BCF303-79A2-40FD-85A1-9234352F2412}
	EndGlobalSection
EndGlobal
